
Microsoft Visual Studio Solution File, Format Version 12.00
# Visual Studio Express 2012 for Windows Desktop
Project("{FAE04EC0-301F-11D3-BF4B-00C04F79EFBC}") = "fishing", "fishing\fishing.csproj", "{C4EA5D07-B760-4EA9-9D90-6A0D35FB223D}"
EndProject
Global
	GlobalSection(SolutionConfigurationPlatforms) = preSolution
		Debug|Any CPU = Debug|Any CPU
		Release|Any CPU = Release|Any CPU
	EndGlobalSection
	GlobalSection(ProjectConfigurationPlatforms) = postSolution
		{C4EA5D07-B760-4EA9-9D90-6A0D35FB223D}.Debug|Any CPU.ActiveCfg = Debug|Any CPU
		{C4EA5D07-B760-4EA9-9D90-6A0D35FB223D}.Debug|Any CPU.Build.0 = Debug|Any CPU
		{C4EA5D07-B760-4EA9-9D90-6A0D35FB223D}.Release|Any CPU.ActiveCfg = Release|Any CPU
		{C4EA5D07-B760-4EA9-9D90-6A0D35FB223D}.Release|Any CPU.Build.0 = Release|Any CPU
	EndGlobalSection
	GlobalSection(SolutionProperties) = preSolution
		HideSolutionNode = FALSE
	EndGlobalSection
EndGlobal
